{
    "_readme": [
        "This file locks the dependencies of your project to a known state",
        "Read more about it at https://getcomposer.org/doc/01-basic-usage.md#installing-dependencies",
        "This file is @generated automatically"
    ],
    "content-hash": "2acecff694cc66b0884ebbf3682c9396",
    "packages": [
        {
            "name": "jamarq/cpanel-backend-kit",
            "version": "0.3.0",
            "dist": {
                "type": "zip",
                "url": "../third_party/composer/jamarq-cpanel-backend-kit-0.3.0.zip",
                "shasum": "11e4a908eb50819bcd556149e31ab5151ad32988"
            },
            "require": {
                "php": ">=8.3"
            },
            "type": "library",
            "autoload": {
                "psr-4": {
                    "Jamarq\\CpanelBackend\\": "src/"
                }
            },
            "autoload-dev": {
                "psr-4": {
                    "Jamarq\\CpanelBackend\\Tests\\": "tests/"
                }
            },
            "archive": {
                "exclude": [
                    "/.github",
                    "/tests",
                    "/.gitignore",
                    "/composer.lock"
                ]
            },
            "scripts": {
                "lint": [
                    "find src tests -name '*.php' -print0 | xargs -0 -n1 php -l"
                ],
                "test": [
                    "php tests/run.php"
                ],
                "verify": [
                    "@lint",
                    "@test"
                ]
            },
            "license": [
                "proprietary"
            ],
            "description": "Shared PHP backend foundation for JAMARQ cPanel websites."
        }
    ],
    "packages-dev": [],
    "aliases": [],
    "minimum-stability": "stable",
    "stability-flags": {},
    "prefer-stable": false,
    "prefer-lowest": false,
    "platform": {
        "php": ">=8.3"
    },
    "platform-dev": {},
    "plugin-api-version": "2.9.0"
}
